version = 1
revision = 2
requires-python = ">=3.13"

[[package]]
name = "ciflypy"
version = "0.1.1"
source = { registry = "https://pypi.org/simple" }
sdist = { url = "https://files.pythonhosted.org/packages/e4/b6/11602cee911d91a4e6f11d124cf25e4370397f5d874a9fa2f4a08b885794/ciflypy-0.1.1.tar.gz", hash = "sha256:ce0535e673b6e83dac45cd850e25b3fea85bedabf1628d4e66f0eb4e687afba7", size = 5544, upload-time = "2025-07-07T10:39:06.699Z" }
wheels = [
    { url = "https://files.pythonhosted.org/packages/5c/d1/9c55e0360f8015fd5e4efc54511c57eb10dd624d93614d54060b64cf1e18/ciflypy-0.1.1-cp313-cp313-macosx_10_12_x86_64.whl", hash = "sha256:38c1af1bd64e69312f492ef81acf7a092f384a5a1140fffafc9d4f3ab0a6ddfc", size = 312274, upload-time = "2025-07-07T10:38:20.5Z" },
    { url = "https://files.pythonhosted.org/packages/ee/d6/50ecf01158a9acd843c708f671e15cb76f5a30994a7484af523991250045/ciflypy-0.1.1-cp313-cp313-macosx_11_0_arm64.whl", hash = "sha256:2ae31360a84425968acd9e1ecc51f7b04449488e5cdca4513999e0a6287789e1", size = 297929, upload-time = "2025-07-07T10:38:17.17Z" },
    { url = "https://files.pythonhosted.org/packages/67/dd/ce38c2a44cc9f672ae5ff878f7ce5622f31d6bd0d67e73bd7987750f5621/ciflypy-0.1.1-cp313-cp313-manylinux_2_17_aarch64.manylinux2014_aarch64.whl", hash = "sha256:8358d3caf261a326efbacc55434dc5738a9fe89ab957aadaf75e048e680b4bb7", size = 332156, upload-time = "2025-07-07T10:37:13.211Z" },
    { url = "https://files.pythonhosted.org/packages/cb/11/58b16b09411a677c5ad5d512b81258b33bedb6c7cc7c1dad64764e69bb82/ciflypy-0.1.1-cp313-cp313-manylinux_2_17_armv7l.manylinux2014_armv7l.whl", hash = "sha256:cc1a96abad3891c02007c2d29943d3c67fa4c6148538e2ca67cc76d2634a93fa", size = 344825, upload-time = "2025-07-07T10:37:25.406Z" },
    { url = "https://files.pythonhosted.org/packages/25/aa/e62add6f097596178863704d822ee50f48a0e66f6ab4146eed0b5016a47a/ciflypy-0.1.1-cp313-cp313-manylinux_2_17_ppc64le.manylinux2014_ppc64le.whl", hash = "sha256:24aa97b82c88f2e2e59f5dd43fe58a6f6823789543085dde30e33aa9f18fcf0d", size = 470591, upload-time = "2025-07-07T10:37:36.866Z" },
    { url = "https://files.pythonhosted.org/packages/6d/ba/7b16a3d764bb779f89fbc827d9b78c2e13d7c199b9c8822fcfbbae22a0f1/ciflypy-0.1.1-cp313-cp313-manylinux_2_17_s390x.manylinux2014_s390x.whl", hash = "sha256:a4f3c8cd88a242d00f29d91eeb0ca792572af9888cbc7cbaca76957816be7cab", size = 370891, upload-time = "2025-07-07T10:37:48.689Z" },
    { url = "https://files.pythonhosted.org/packages/84/d4/154d1540aada72e1844b35c4835d8fb8983944c0a5cd8c51c6bf0217afe9/ciflypy-0.1.1-cp313-cp313-manylinux_2_17_x86_64.manylinux2014_x86_64.whl", hash = "sha256:60cf56aac7b9a112c72b13682c846e8b4f891b0f8e5e26f0430dba7adf0069aa", size = 338353, upload-time = "2025-07-07T10:38:08.595Z" },
    { url = "https://files.pythonhosted.org/packages/2a/f3/e43f9eb3e13ac4bb60c41a7c34ef1c16ba8ba918f6e2fd113fb72f971685/ciflypy-0.1.1-cp313-cp313-manylinux_2_5_i686.manylinux1_i686.whl", hash = "sha256:96ab10b3c4653ea6ee78263ee9f026550bf70cb471c52d35c31a9f2d7bd48dc6", size = 365616, upload-time = "2025-07-07T10:37:58.942Z" },
    { url = "https://files.pythonhosted.org/packages/51/f1/60507eeed7c7ee6abf4112e6966c594b3e3a53dce13db3cb4b17dc53e517/ciflypy-0.1.1-cp313-cp313-musllinux_1_2_aarch64.whl", hash = "sha256:cc3217bcc89aabe091deca38ddd57f62a35bdf24e74f9f9a7b9dd923a4e40548", size = 510641, upload-time = "2025-07-07T10:38:25.101Z" },
    { url = "https://files.pythonhosted.org/packages/b3/6a/807758c3ccf660508a64684cb929e50e321e576ea0419470a9598fe8bb7d/ciflypy-0.1.1-cp313-cp313-musllinux_1_2_armv7l.whl", hash = "sha256:0018f4ef1ec7d4b754d7e869f47f7c5910bd76743db448d27ce2156b1fbd2664", size = 606763, upload-time = "2025-07-07T10:38:36.284Z" },
    { url = "https://files.pythonhosted.org/packages/95/bb/0cfef0fcd2e50b9a4617e65c6b06413303e5faf5c820b8acd9044bfc9452/ciflypy-0.1.1-cp313-cp313-musllinux_1_2_i686.whl", hash = "sha256:1a0a08d9d52e2fa6922d5cb2403f2fc28e6e01f4e02f5a74bc8319a222957305", size = 539030, upload-time = "2025-07-07T10:38:47.569Z" },
    { url = "https://files.pythonhosted.org/packages/f4/b5/720794dcb4b5be5412c2d39fbb960641a94c740277da394762ccb47efde2/ciflypy-0.1.1-cp313-cp313-musllinux_1_2_x86_64.whl", hash = "sha256:568078329b1b67a19d2c70b709e029fe4e3d8ff39f50d157dbd95dd2fe061c16", size = 508994, upload-time = "2025-07-07T10:38:58.962Z" },
    { url = "https://files.pythonhosted.org/packages/5c/89/72f953ea35711eb90f1ed3a947e01d38b63df9f8cddf1b606d74dff4fa67/ciflypy-0.1.1-cp313-cp313-win32.whl", hash = "sha256:ad17002b6bbf0661072ced679a3284fcb4473fd91dbe2b1745a1861f23e3bf07", size = 189621, upload-time = "2025-07-07T10:39:16.983Z" },
    { url = "https://files.pythonhosted.org/packages/17/56/28ff66d24860665e86da3c682030c6ad033642f23b165da6a911b27f052c/ciflypy-0.1.1-cp313-cp313-win_amd64.whl", hash = "sha256:ff79ff07a47501fac025149674cf7d01f981ce5f56877103c6a1bfc0e626da58", size = 200028, upload-time = "2025-07-07T10:39:10.342Z" },
    { url = "https://files.pythonhosted.org/packages/3e/26/667aa6d636df149757d800cffd1dc6ce3f0c5ccf19fa33675d9e33e95a24/ciflypy-0.1.1-cp313-cp313t-manylinux_2_17_aarch64.manylinux2014_aarch64.whl", hash = "sha256:db2644a663f867e12a3325fdbbedbc37caab10a4261ab1b3c8ef4d3377aff471", size = 331613, upload-time = "2025-07-07T10:37:14.256Z" },
    { url = "https://files.pythonhosted.org/packages/61/d7/ea2c89ae863ba411523cb5560bf2da8c10ae379d86a50cea849a6d42489b/ciflypy-0.1.1-cp313-cp313t-manylinux_2_17_armv7l.manylinux2014_armv7l.whl", hash = "sha256:5e391fbeb20f95d96bfdeefa158cf833d5b6778cd99ebde7d2d174b4761fac19", size = 344173, upload-time = "2025-07-07T10:37:26.322Z" },
    { url = "https://files.pythonhosted.org/packages/98/f3/59d00059bfc3f4db8fb6eb868c750f0759d6c47a2ccd2f2420159b59d381/ciflypy-0.1.1-cp313-cp313t-manylinux_2_17_ppc64le.manylinux2014_ppc64le.whl", hash = "sha256:eefae9647896ea4023c8dc374149b9642abf1e90e17eec49905fdf5dd999014a", size = 468152, upload-time = "2025-07-07T10:37:38.205Z" },
    { url = "https://files.pythonhosted.org/packages/33/09/4b64bf5621b5b13ffcc143a813bbf116310725cb8393c0d0b6da01f7b051/ciflypy-0.1.1-cp313-cp313t-manylinux_2_17_s390x.manylinux2014_s390x.whl", hash = "sha256:d9c1c9c9789865ffd0db844139b622f504813ff050dc35a4c7f3b9b61c6d707b", size = 371458, upload-time = "2025-07-07T10:37:49.935Z" },
    { url = "https://files.pythonhosted.org/packages/27/5d/1c42649f6ef0ba7966cb4ce5ce29d97e1fc77e236953cbb6a88cd4383004/ciflypy-0.1.1-cp313-cp313t-musllinux_1_2_aarch64.whl", hash = "sha256:cc94df1c2317c9d0b1e75f13d22a35f8a7b0508299e120110be302bbf7d7b35c", size = 510509, upload-time = "2025-07-07T10:38:26.182Z" },
    { url = "https://files.pythonhosted.org/packages/fa/c8/aa359d9d55f2a9814d29c72b86595cbba6d523b8f328a989f1d3d9efc8ee/ciflypy-0.1.1-cp313-cp313t-musllinux_1_2_armv7l.whl", hash = "sha256:c6793819650905663b2f446a1ea9df0603dbabd567e1b5d7909d66e4c8df2d53", size = 605863, upload-time = "2025-07-07T10:38:37.653Z" },
    { url = "https://files.pythonhosted.org/packages/7d/ba/19e2f10c380b6c9ca43d1d9016fb3580fed26603338e3faae5aea65fe5aa/ciflypy-0.1.1-cp313-cp313t-musllinux_1_2_i686.whl", hash = "sha256:3389027311ef79f9dbf90eecddb3cb227a557a8cab89c876315751ac4296136e", size = 537685, upload-time = "2025-07-07T10:38:48.635Z" },
    { url = "https://files.pythonhosted.org/packages/9f/0f/0f14584f4c9d7c1900886fc80a69530efcacc93e999cb276b6f3e2044b9f/ciflypy-0.1.1-cp313-cp313t-musllinux_1_2_x86_64.whl", hash = "sha256:82de77f5b14ae095a11fa2a7703fa2d2e7c7448cd3a5ed1c11d44bafb62cedc6", size = 509380, upload-time = "2025-07-07T10:39:00.119Z" },
    { url = "https://files.pythonhosted.org/packages/f7/a0/0a221ccac8d4fcc1434043f6fd23ea3d5a027495c3d4027822b7e6ca39cd/ciflypy-0.1.1-cp314-cp314-manylinux_2_17_x86_64.manylinux2014_x86_64.whl", hash = "sha256:4ca3a5839c2e045f5353e6dcdcd0145bd51966560bb0f539d5320fe3b8398898", size = 339075, upload-time = "2025-07-07T10:38:09.538Z" },
    { url = "https://files.pythonhosted.org/packages/6b/ad/2a853478e400bd00aa8c51b18c639c0c2a69fcc07493af068e0d84d27597/ciflypy-0.1.1-cp314-cp314-manylinux_2_5_i686.manylinux1_i686.whl", hash = "sha256:e986820dd9c5970f1714f60a4d2a39d661e3909b90b5a495b7594be8baf7f678", size = 364880, upload-time = "2025-07-07T10:37:59.95Z" },
]

[[package]]
name = "ciflypy-examples"
version = "0.1.0"
source = { virtual = "." }
dependencies = [
    { name = "ciflypy" },
]

[package.dev-dependencies]
dev = [
    { name = "pytest" },
]

[package.metadata]
requires-dist = [{ name = "ciflypy", specifier = ">=0.1.1" }]

[package.metadata.requires-dev]
dev = [{ name = "pytest", specifier = ">=8.3.5" }]

[[package]]
name = "colorama"
version = "0.4.6"
source = { registry = "https://pypi.org/simple" }
sdist = { url = "https://files.pythonhosted.org/packages/d8/53/6f443c9a4a8358a93a6792e2acffb9d9d5cb0a5cfd8802644b7b1c9a02e4/colorama-0.4.6.tar.gz", hash = "sha256:08695f5cb7ed6e0531a20572697297273c47b8cae5a63ffc6d6ed5c201be6e44", size = 27697, upload-time = "2022-10-25T02:36:22.414Z" }
wheels = [
    { url = "https://files.pythonhosted.org/packages/d1/d6/3965ed04c63042e047cb6a3e6ed1a63a35087b6a609aa3a15ed8ac56c221/colorama-0.4.6-py2.py3-none-any.whl", hash = "sha256:4f1d9991f5acc0ca119f9d443620b77f9d6b33703e51011c16baf57afb285fc6", size = 25335, upload-time = "2022-10-25T02:36:20.889Z" },
]

[[package]]
name = "iniconfig"
version = "2.1.0"
source = { registry = "https://pypi.org/simple" }
sdist = { url = "https://files.pythonhosted.org/packages/f2/97/ebf4da567aa6827c909642694d71c9fcf53e5b504f2d96afea02718862f3/iniconfig-2.1.0.tar.gz", hash = "sha256:3abbd2e30b36733fee78f9c7f7308f2d0050e88f0087fd25c2645f63c773e1c7", size = 4793, upload-time = "2025-03-19T20:09:59.721Z" }
wheels = [
    { url = "https://files.pythonhosted.org/packages/2c/e1/e6716421ea10d38022b952c159d5161ca1193197fb744506875fbb87ea7b/iniconfig-2.1.0-py3-none-any.whl", hash = "sha256:9deba5723312380e77435581c6bf4935c94cbfab9b1ed33ef8d238ea168eb760", size = 6050, upload-time = "2025-03-19T20:10:01.071Z" },
]

[[package]]
name = "packaging"
version = "25.0"
source = { registry = "https://pypi.org/simple" }
sdist = { url = "https://files.pythonhosted.org/packages/a1/d4/1fc4078c65507b51b96ca8f8c3ba19e6a61c8253c72794544580a7b6c24d/packaging-25.0.tar.gz", hash = "sha256:d443872c98d677bf60f6a1f2f8c1cb748e8fe762d2bf9d3148b5599295b0fc4f", size = 165727, upload-time = "2025-04-19T11:48:59.673Z" }
wheels = [
    { url = "https://files.pythonhosted.org/packages/20/12/38679034af332785aac8774540895e234f4d07f7545804097de4b666afd8/packaging-25.0-py3-none-any.whl", hash = "sha256:29572ef2b1f17581046b3a2227d5c611fb25ec70ca1ba8554b24b0e69331a484", size = 66469, upload-time = "2025-04-19T11:48:57.875Z" },
]

[[package]]
name = "pluggy"
version = "1.6.0"
source = { registry = "https://pypi.org/simple" }
sdist = { url = "https://files.pythonhosted.org/packages/f9/e2/3e91f31a7d2b083fe6ef3fa267035b518369d9511ffab804f839851d2779/pluggy-1.6.0.tar.gz", hash = "sha256:7dcc130b76258d33b90f61b658791dede3486c3e6bfb003ee5c9bfb396dd22f3", size = 69412, upload-time = "2025-05-15T12:30:07.975Z" }
wheels = [
    { url = "https://files.pythonhosted.org/packages/54/20/4d324d65cc6d9205fabedc306948156824eb9f0ee1633355a8f7ec5c66bf/pluggy-1.6.0-py3-none-any.whl", hash = "sha256:e920276dd6813095e9377c0bc5566d94c932c33b27a3e3945d8389c374dd4746", size = 20538, upload-time = "2025-05-15T12:30:06.134Z" },
]

[[package]]
name = "pytest"
version = "8.3.5"
source = { registry = "https://pypi.org/simple" }
dependencies = [
    { name = "colorama", marker = "sys_platform == 'win32'" },
    { name = "iniconfig" },
    { name = "packaging" },
    { name = "pluggy" },
]
sdist = { url = "https://files.pythonhosted.org/packages/ae/3c/c9d525a414d506893f0cd8a8d0de7706446213181570cdbd766691164e40/pytest-8.3.5.tar.gz", hash = "sha256:f4efe70cc14e511565ac476b57c279e12a855b11f48f212af1080ef2263d3845", size = 1450891, upload-time = "2025-03-02T12:54:54.503Z" }
wheels = [
    { url = "https://files.pythonhosted.org/packages/30/3d/64ad57c803f1fa1e963a7946b6e0fea4a70df53c1a7fed304586539c2bac/pytest-8.3.5-py3-none-any.whl", hash = "sha256:c69214aa47deac29fad6c2a4f590b9c4a9fdb16a403176fe154b79c0b4d4d820", size = 343634, upload-time = "2025-03-02T12:54:52.069Z" },
]
